
Microsoft Visual Studio Solution File, Format Version 12.00
# Visual Studio Version 17
VisualStudioVersion = 17.0.31919.166
MinimumVisualStudioVersion = 10.0.40219.1
Project("{FAE04EC0-301F-11D3-BF4B-00C04F79EFBC}") = "WeatherApp", "WeatherApp\WeatherApp.csproj", "{39E6E239-B4FC-49E0-B2A8-7F7AB1D939E3}"
EndProject
Project("{FAE04EC0-301F-11D3-BF4B-00C04F79EFBC}") = "StockExchange", "StockExchange\StockExchange.csproj", "{BEAAA890-AE9D-44A5-B7F6-72F73AB6AF93}"
EndProject
Global
	GlobalSection(SolutionConfigurationPlatforms) = preSolution
		Debug|Any CPU = Debug|Any CPU
		Release|Any CPU = Release|Any CPU
	EndGlobalSection
	GlobalSection(ProjectConfigurationPlatforms) = postSolution
		{39E6E239-B4FC-49E0-B2A8-7F7AB1D939E3}.Debug|Any CPU.ActiveCfg = Debug|Any CPU
		{39E6E239-B4FC-49E0-B2A8-7F7AB1D939E3}.Debug|Any CPU.Build.0 = Debug|Any CPU
		{39E6E239-B4FC-49E0-B2A8-7F7AB1D939E3}.Release|Any CPU.ActiveCfg = Release|Any CPU
		{39E6E239-B4FC-49E0-B2A8-7F7AB1D939E3}.Release|Any CPU.Build.0 = Release|Any CPU
		{BEAAA890-AE9D-44A5-B7F6-72F73AB6AF93}.Debug|Any CPU.ActiveCfg = Debug|Any CPU
		{BEAAA890-AE9D-44A5-B7F6-72F73AB6AF93}.Debug|Any CPU.Build.0 = Debug|Any CPU
		{BEAAA890-AE9D-44A5-B7F6-72F73AB6AF93}.Release|Any CPU.ActiveCfg = Release|Any CPU
		{BEAAA890-AE9D-44A5-B7F6-72F73AB6AF93}.Release|Any CPU.Build.0 = Release|Any CPU
	EndGlobalSection
	GlobalSection(SolutionProperties) = preSolution
		HideSolutionNode = FALSE
	EndGlobalSection
	GlobalSection(ExtensibilityGlobals) = postSolution
		SolutionGuid = {E5C89721-B156-4988-8A8C-0AD41C1B616D}
	EndGlobalSection
EndGlobal
